lockfileVersion: 5.4

specifiers:
  dayjs: ^1.11.7
  srt-to-vtt: ^1.1.3

dependencies:
  dayjs: registry.npmmirror.com/dayjs/1.11.7
  srt-to-vtt: registry.npmmirror.com/srt-to-vtt/1.1.3

packages:

  registry.npmmirror.com/buffer-from/1.1.2:
    resolution: {integrity: sha512-E+XQCRwSbaaiChtv6k6Dwgc+bx+Bs6vuKJHHl5kox/BaKbhiXzqQOwK4cO22yElGp2OCmjwVhT3HmxgyPGnJfQ==, registry: https://registry.npm.taobao.org/, tarball: https://registry.npmmirror.com/buffer-from/-/buffer-from-1.1.2.tgz}
    name: buffer-from
    version: 1.1.2
    dev: false

  registry.npmmirror.com/charset-detector/0.0.2:
    resolution: {integrity: sha512-aZBFdf9aE168W7w3t9JNC0w9hZdTKjtq1hsrfbziJA4DrNI22Mfrc74gw3aADIA9bCQV2IpnbjyQcDHa3qM4rg==, registry: https://registry.npm.taobao.org/, tarball: https://registry.npmmirror.com/charset-detector/-/charset-detector-0.0.2.tgz}
    name: charset-detector
    version: 0.0.2
    dev: false

  registry.npmmirror.com/core-util-is/1.0.3:
    resolution: {integrity: sha512-ZQBvi1DcpJ4GDqanjucZ2Hj3wEO5pZDS89BWbkcrvdxksJorwUDDZamX9ldFkp9aw2lmBDLgkObEA4DWNJ9FYQ==, registry: https://registry.npm.taobao.org/, tarball: https://registry.npmmirror.com/core-util-is/-/core-util-is-1.0.3.tgz}
    name: core-util-is
    version: 1.0.3
    dev: false

  registry.npmmirror.com/dayjs/1.11.7:
    resolution: {integrity: sha512-+Yw9U6YO5TQohxLcIkrXBeY73WP3ejHWVvx8XCk3gxvQDCTEmS48ZrSZCKciI7Bhl/uCMyxYtE9UqRILmFphkQ==, registry: https://registry.npm.taobao.org/, tarball: https://registry.npmmirror.com/dayjs/-/dayjs-1.11.7.tgz}
    name: dayjs
    version: 1.11.7
    dev: false

  registry.npmmirror.com/duplexify/3.7.1:
    resolution: {integrity: sha512-07z8uv2wMyS51kKhD1KsdXJg5WQ6t93RneqRxUHnskXVtlYYkLqM0gqStQZ3pj073g687jPCHrqNfCzawLYh5g==, registry: https://registry.npm.taobao.org/, tarball: https://registry.npmmirror.com/duplexify/-/duplexify-3.7.1.tgz}
    name: duplexify
    version: 3.7.1
    dependencies:
      end-of-stream: registry.npmmirror.com/end-of-stream/1.4.4
      inherits: registry.npmmirror.com/inherits/2.0.4
      readable-stream: registry.npmmirror.com/readable-stream/2.3.8
      stream-shift: registry.npmmirror.com/stream-shift/1.0.1
    dev: false

  registry.npmmirror.com/end-of-stream/1.4.4:
    resolution: {integrity: sha512-+uw1inIHVPQoaVuHzRyXd21icM+cnt4CzD5rW+NC1wjOUSTOs+Te7FOv7AhN7vS9x/oIyhLP5PR1H+phQAHu5Q==, registry: https://registry.npm.taobao.org/, tarball: https://registry.npmmirror.com/end-of-stream/-/end-of-stream-1.4.4.tgz}
    name: end-of-stream
    version: 1.4.4
    dependencies:
      once: registry.npmmirror.com/once/1.4.0
    dev: false

  registry.npmmirror.com/iconv-lite/0.4.24:
    resolution: {integrity: sha512-v3MXnZAcvnywkTUEZomIActle7RXXeedOR31wwl7VlyoXO4Qi9arvSenNQWne1TcRwhCL1HwLI21bEqdpj8/rA==, registry: https://registry.npm.taobao.org/, tarball: https://registry.npmmirror.com/iconv-lite/-/iconv-lite-0.4.24.tgz}
    name: iconv-lite
    version: 0.4.24
    engines: {node: '>=0.10.0'}
    dependencies:
      safer-buffer: registry.npmmirror.com/safer-buffer/2.1.2
    dev: false

  registry.npmmirror.com/indexof/0.0.1:
    resolution: {integrity: sha512-i0G7hLJ1z0DE8dsqJa2rycj9dBmNKgXBvotXtZYXakU9oivfB9Uj2ZBC27qqef2U58/ZLwalxa1X/RDCdkHtVg==, registry: https://registry.npm.taobao.org/, tarball: https://registry.npmmirror.com/indexof/-/indexof-0.0.1.tgz}
    name: indexof
    version: 0.0.1
    dev: false

  registry.npmmirror.com/inherits/2.0.4:
    resolution: {integrity: sha512-k/vGaX4/Yla3WzyMCvTQOXYeIHvqOKtnqBduzTHpzpQZzAskKMhZ2K+EnBiSM9zGSoIFeMpXKxa4dYeZIQqewQ==, registry: https://registry.npm.taobao.org/, tarball: https://registry.npmmirror.com/inherits/-/inherits-2.0.4.tgz}
    name: inherits
    version: 2.0.4
    dev: false

  registry.npmmirror.com/isarray/0.0.1:
    resolution: {integrity: sha512-D2S+3GLxWH+uhrNEcoh/fnmYeP8E8/zHl644d/jdA0g2uyXvy3sb0qxotE+ne0LtccHknQzWwZEzhak7oJ0COQ==, registry: https://registry.npm.taobao.org/, tarball: https://registry.npmmirror.com/isarray/-/isarray-0.0.1.tgz}
    name: isarray
    version: 0.0.1
    dev: false

  registry.npmmirror.com/isarray/1.0.0:
    resolution: {integrity: sha512-VLghIWNM6ELQzo7zwmcg0NmTVyWKYjvIeM83yjp0wRDTmUnrM678fQbcKBo6n2CJEF0szoG//ytg+TKla89ALQ==, registry: https://registry.npm.taobao.org/, tarball: https://registry.npmmirror.com/isarray/-/isarray-1.0.0.tgz}
    name: isarray
    version: 1.0.0
    dev: false

  registry.npmmirror.com/minimist/1.2.8:
    resolution: {integrity: sha512-2yyAR8qBkN3YuheJanUpWC5U3bb5osDywNB8RzDVlDwDHbocAJveqqj1u8+SVD7jkWT4yvsHCpWqqWqAxb0zCA==, registry: https://registry.npm.taobao.org/, tarball: https://registry.npmmirror.com/minimist/-/minimist-1.2.8.tgz}
    name: minimist
    version: 1.2.8
    dev: false

  registry.npmmirror.com/once/1.4.0:
    resolution: {integrity: sha512-lNaJgI+2Q5URQBkccEKHTQOPaXdUxnZZElQTZY0MFUAuaEqe1E+Nyvgdz/aIyNi6Z9MzO5dv1H8n58/GELp3+w==, registry: https://registry.npm.taobao.org/, tarball: https://registry.npmmirror.com/once/-/once-1.4.0.tgz}
    name: once
    version: 1.4.0
    dependencies:
      wrappy: registry.npmmirror.com/wrappy/1.0.2
    dev: false

  registry.npmmirror.com/peek-stream/1.1.3:
    resolution: {integrity: sha512-FhJ+YbOSBb9/rIl2ZeE/QHEsWn7PqNYt8ARAY3kIgNGOk13g9FGyIY6JIl/xB/3TFRVoTv5as0l11weORrTekA==, registry: https://registry.npm.taobao.org/, tarball: https://registry.npmmirror.com/peek-stream/-/peek-stream-1.1.3.tgz}
    name: peek-stream
    version: 1.1.3
    dependencies:
      buffer-from: registry.npmmirror.com/buffer-from/1.1.2
      duplexify: registry.npmmirror.com/duplexify/3.7.1
      through2: registry.npmmirror.com/through2/2.0.5
    dev: false

  registry.npmmirror.com/process-nextick-args/2.0.1:
    resolution: {integrity: sha512-3ouUOpQhtgrbOa17J7+uxOTpITYWaGP7/AhoR3+A+/1e9skrzelGi/dXzEYyvbxubEF6Wn2ypscTKiKJFFn1ag==, registry: https://registry.npm.taobao.org/, tarball: https://registry.npmmirror.com/process-nextick-args/-/process-nextick-args-2.0.1.tgz}
    name: process-nextick-args
    version: 2.0.1
    dev: false

  registry.npmmirror.com/pump/2.0.1:
    resolution: {integrity: sha512-ruPMNRkN3MHP1cWJc9OWr+T/xDP0jhXYCLfJcBuX54hhfIBnaQmAUMfDcG4DM5UMWByBbJY69QSphm3jtDKIkA==, registry: https://registry.npm.taobao.org/, tarball: https://registry.npmmirror.com/pump/-/pump-2.0.1.tgz}
    name: pump
    version: 2.0.1
    dependencies:
      end-of-stream: registry.npmmirror.com/end-of-stream/1.4.4
      once: registry.npmmirror.com/once/1.4.0
    dev: false

  registry.npmmirror.com/pumpify/1.5.1:
    resolution: {integrity: sha512-oClZI37HvuUJJxSKKrC17bZ9Cu0ZYhEAGPsPUy9KlMUmv9dKX2o77RUmq7f3XjIxbwyGwYzbzQ1L2Ks8sIradQ==, registry: https://registry.npm.taobao.org/, tarball: https://registry.npmmirror.com/pumpify/-/pumpify-1.5.1.tgz}
    name: pumpify
    version: 1.5.1
    dependencies:
      duplexify: registry.npmmirror.com/duplexify/3.7.1
      inherits: registry.npmmirror.com/inherits/2.0.4
      pump: registry.npmmirror.com/pump/2.0.1
    dev: false

  registry.npmmirror.com/readable-stream/1.0.34:
    resolution: {integrity: sha512-ok1qVCJuRkNmvebYikljxJA/UEsKwLl2nI1OmaqAu4/UE+h0wKCHok4XkL/gvi39OacXvw59RJUOFUkDib2rHg==, registry: https://registry.npm.taobao.org/, tarball: https://registry.npmmirror.com/readable-stream/-/readable-stream-1.0.34.tgz}
    name: readable-stream
    version: 1.0.34
    dependencies:
      core-util-is: registry.npmmirror.com/core-util-is/1.0.3
      inherits: registry.npmmirror.com/inherits/2.0.4
      isarray: registry.npmmirror.com/isarray/0.0.1
      string_decoder: registry.npmmirror.com/string_decoder/0.10.31
    dev: false

  registry.npmmirror.com/readable-stream/1.1.14:
    resolution: {integrity: sha512-+MeVjFf4L44XUkhM1eYbD8fyEsxcV81pqMSR5gblfcLCHfZvbrqy4/qYHE+/R5HoBUT11WV5O08Cr1n3YXkWVQ==, registry: https://registry.npm.taobao.org/, tarball: https://registry.npmmirror.com/readable-stream/-/readable-stream-1.1.14.tgz}
    name: readable-stream
    version: 1.1.14
    dependencies:
      core-util-is: registry.npmmirror.com/core-util-is/1.0.3
      inherits: registry.npmmirror.com/inherits/2.0.4
      isarray: registry.npmmirror.com/isarray/0.0.1
      string_decoder: registry.npmmirror.com/string_decoder/0.10.31
    dev: false

  registry.npmmirror.com/readable-stream/2.3.8:
    resolution: {integrity: sha512-8p0AUk4XODgIewSi0l8Epjs+EVnWiK7NoDIEGU0HhE7+ZyY8D1IMY7odu5lRrFXGg71L15KG8QrPmum45RTtdA==, registry: https://registry.npm.taobao.org/, tarball: https://registry.npmmirror.com/readable-stream/-/readable-stream-2.3.8.tgz}
    name: readable-stream
    version: 2.3.8
    dependencies:
      core-util-is: registry.npmmirror.com/core-util-is/1.0.3
      inherits: registry.npmmirror.com/inherits/2.0.4
      isarray: registry.npmmirror.com/isarray/1.0.0
      process-nextick-args: registry.npmmirror.com/process-nextick-args/2.0.1
      safe-buffer: registry.npmmirror.com/safe-buffer/5.1.2
      string_decoder: registry.npmmirror.com/string_decoder/1.1.1
      util-deprecate: registry.npmmirror.com/util-deprecate/1.0.2
    dev: false

  registry.npmmirror.com/readable-wrap/1.0.0:
    resolution: {integrity: sha512-/8n0Mr10S+HGKFygQ42Z40JIXwafPH3A72pwmlNClThgsImV5LJJiCue5Je1asxwY082sYxq/+kTxH6nTn0w3g==, registry: https://registry.npm.taobao.org/, tarball: https://registry.npmmirror.com/readable-wrap/-/readable-wrap-1.0.0.tgz}
    name: readable-wrap
    version: 1.0.0
    dependencies:
      readable-stream: registry.npmmirror.com/readable-stream/1.1.14
    dev: false

  registry.npmmirror.com/safe-buffer/5.1.2:
    resolution: {integrity: sha512-Gd2UZBJDkXlY7GbJxfsE8/nvKkUEU1G38c1siN6QP6a9PT9MmHB8GnpscSmMJSoF8LOIrt8ud/wPtojys4G6+g==, registry: https://registry.npm.taobao.org/, tarball: https://registry.npmmirror.com/safe-buffer/-/safe-buffer-5.1.2.tgz}
    name: safe-buffer
    version: 5.1.2
    dev: false

  registry.npmmirror.com/safer-buffer/2.1.2:
    resolution: {integrity: sha512-YZo3K82SD7Riyi0E1EQPojLz7kpepnSQI9IyPbHHg1XXXevb5dJI7tpyN2ADxGcQbHG7vcyRHk0cbwqcQriUtg==, registry: https://registry.npm.taobao.org/, tarball: https://registry.npmmirror.com/safer-buffer/-/safer-buffer-2.1.2.tgz}
    name: safer-buffer
    version: 2.1.2
    dev: false

  registry.npmmirror.com/split2/0.2.1:
    resolution: {integrity: sha512-D/oTExYAkC9nWleOCTOyNmAuzfAT/6rHGBA9LIK7FVnGo13CSvrKCUzKenwH6U1s2znY9MqH6v0UQTEDa3vJmg==, registry: https://registry.npm.taobao.org/, tarball: https://registry.npmmirror.com/split2/-/split2-0.2.1.tgz}
    name: split2
    version: 0.2.1
    dependencies:
      through2: registry.npmmirror.com/through2/0.6.5
    dev: false

  registry.npmmirror.com/srt-to-vtt/1.1.3:
    resolution: {integrity: sha512-QHy2syDTGUzQiDtKwqSunVdh0H5dhtVt9bh/Z+yTcminD69UKk3RFVhUtBjoCh/W5OYX36Igwv5qy2JZPISwgQ==, registry: https://registry.npm.taobao.org/, tarball: https://registry.npmmirror.com/srt-to-vtt/-/srt-to-vtt-1.1.3.tgz}
    name: srt-to-vtt
    version: 1.1.3
    hasBin: true
    dependencies:
      duplexify: registry.npmmirror.com/duplexify/3.7.1
      minimist: registry.npmmirror.com/minimist/1.2.8
      pumpify: registry.npmmirror.com/pumpify/1.5.1
      split2: registry.npmmirror.com/split2/0.2.1
      through2: registry.npmmirror.com/through2/0.6.5
      to-utf-8: registry.npmmirror.com/to-utf-8/1.3.0
    dev: false

  registry.npmmirror.com/stream-shift/1.0.1:
    resolution: {integrity: sha512-AiisoFqQ0vbGcZgQPY1cdP2I76glaVA/RauYR4G4thNFgkTqr90yXTo4LYX60Jl+sIlPNHHdGSwo01AvbKUSVQ==, registry: https://registry.npm.taobao.org/, tarball: https://registry.npmmirror.com/stream-shift/-/stream-shift-1.0.1.tgz}
    name: stream-shift
    version: 1.0.1
    dev: false

  registry.npmmirror.com/stream-splicer/1.3.2:
    resolution: {integrity: sha512-nmUMEbdm/sZYqe9dZs7mqJvTYpunsDbIWI5FiBCMc/hMVd6vwzy+ITmo7C3gcLYqrn+uQ1w+EJwooWvJ997JAA==, registry: https://registry.npm.taobao.org/, tarball: https://registry.npmmirror.com/stream-splicer/-/stream-splicer-1.3.2.tgz}
    name: stream-splicer
    version: 1.3.2
    dependencies:
      indexof: registry.npmmirror.com/indexof/0.0.1
      inherits: registry.npmmirror.com/inherits/2.0.4
      isarray: registry.npmmirror.com/isarray/0.0.1
      readable-stream: registry.npmmirror.com/readable-stream/1.1.14
      readable-wrap: registry.npmmirror.com/readable-wrap/1.0.0
      through2: registry.npmmirror.com/through2/1.1.1
    dev: false

  registry.npmmirror.com/string_decoder/0.10.31:
    resolution: {integrity: sha512-ev2QzSzWPYmy9GuqfIVildA4OdcGLeFZQrq5ys6RtiuF+RQQiZWr8TZNyAcuVXyQRYfEO+MsoB/1BuQVhOJuoQ==, registry: https://registry.npm.taobao.org/, tarball: https://registry.npmmirror.com/string_decoder/-/string_decoder-0.10.31.tgz}
    name: string_decoder
    version: 0.10.31
    dev: false

  registry.npmmirror.com/string_decoder/1.1.1:
    resolution: {integrity: sha512-n/ShnvDi6FHbbVfviro+WojiFzv+s8MPMHBczVePfUpDJLwoLT0ht1l4YwBCbi8pJAveEEdnkHyPyTP/mzRfwg==, registry: https://registry.npm.taobao.org/, tarball: https://registry.npmmirror.com/string_decoder/-/string_decoder-1.1.1.tgz}
    name: string_decoder
    version: 1.1.1
    dependencies:
      safe-buffer: registry.npmmirror.com/safe-buffer/5.1.2
    dev: false

  registry.npmmirror.com/through2/0.6.5:
    resolution: {integrity: sha512-RkK/CCESdTKQZHdmKICijdKKsCRVHs5KsLZ6pACAmF/1GPUQhonHSXWNERctxEp7RmvjdNbZTL5z9V7nSCXKcg==, registry: https://registry.npm.taobao.org/, tarball: https://registry.npmmirror.com/through2/-/through2-0.6.5.tgz}
    name: through2
    version: 0.6.5
    dependencies:
      readable-stream: registry.npmmirror.com/readable-stream/1.0.34
      xtend: registry.npmmirror.com/xtend/4.0.2
    dev: false

  registry.npmmirror.com/through2/1.1.1:
    resolution: {integrity: sha512-zEbpaeSMHxczpTzO1KkMHjBC1enTA68ojeaZGG4toqdASpb9t4xUZaYFBq2/9OHo5nTGFVSYd4c910OR+6wxbQ==, registry: https://registry.npm.taobao.org/, tarball: https://registry.npmmirror.com/through2/-/through2-1.1.1.tgz}
    name: through2
    version: 1.1.1
    dependencies:
      readable-stream: registry.npmmirror.com/readable-stream/1.1.14
      xtend: registry.npmmirror.com/xtend/4.0.2
    dev: false

  registry.npmmirror.com/through2/2.0.5:
    resolution: {integrity: sha512-/mrRod8xqpA+IHSLyGCQ2s8SPHiCDEeQJSep1jqLYeEUClOFG2Qsh+4FU6G9VeqpZnGW/Su8LQGc4YKni5rYSQ==, registry: https://registry.npm.taobao.org/, tarball: https://registry.npmmirror.com/through2/-/through2-2.0.5.tgz}
    name: through2
    version: 2.0.5
    dependencies:
      readable-stream: registry.npmmirror.com/readable-stream/2.3.8
      xtend: registry.npmmirror.com/xtend/4.0.2
    dev: false

  registry.npmmirror.com/to-utf-8/1.3.0:
    resolution: {integrity: sha512-4SgiXpYBCZVi5IJv3hSzP2f9DFuEvZ4EXrR0/c+n+6jt//iz1tVuT5BxugfdbX8dC0/FOe+l0s+Wqb+TzMaukw==, registry: https://registry.npm.taobao.org/, tarball: https://registry.npmmirror.com/to-utf-8/-/to-utf-8-1.3.0.tgz}
    name: to-utf-8
    version: 1.3.0
    hasBin: true
    dependencies:
      charset-detector: registry.npmmirror.com/charset-detector/0.0.2
      iconv-lite: registry.npmmirror.com/iconv-lite/0.4.24
      minimist: registry.npmmirror.com/minimist/1.2.8
      peek-stream: registry.npmmirror.com/peek-stream/1.1.3
      stream-splicer: registry.npmmirror.com/stream-splicer/1.3.2
    dev: false

  registry.npmmirror.com/util-deprecate/1.0.2:
    resolution: {integrity: sha512-EPD5q1uXyFxJpCrLnCc1nHnq3gOa6DZBocAIiI2TaSCA7VCJ1UJDMagCzIkXNsUYfD1daK//LTEQ8xiIbrHtcw==, registry: https://registry.npm.taobao.org/, tarball: https://registry.npmmirror.com/util-deprecate/-/util-deprecate-1.0.2.tgz}
    name: util-deprecate
    version: 1.0.2
    dev: false

  registry.npmmirror.com/wrappy/1.0.2:
    resolution: {integrity: sha512-l4Sp/DRseor9wL6EvV2+TuQn63dMkPjZ/sp9XkghTEbV9KlPS1xUsZ3u7/IQO4wxtcFB4bgpQPRcR3QCvezPcQ==, registry: https://registry.npm.taobao.org/, tarball: https://registry.npmmirror.com/wrappy/-/wrappy-1.0.2.tgz}
    name: wrappy
    version: 1.0.2
    dev: false

  registry.npmmirror.com/xtend/4.0.2:
    resolution: {integrity: sha512-LKYU1iAXJXUgAXn9URjiu+MWhyUXHsvfp7mcuYm9dSUKK0/CjtrUwFAxD82/mCWbtLsGjFIad0wIsod4zrTAEQ==, registry: https://registry.npm.taobao.org/, tarball: https://registry.npmmirror.com/xtend/-/xtend-4.0.2.tgz}
    name: xtend
    version: 4.0.2
    engines: {node: '>=0.4'}
    dev: false
